Microsoft Visual Studio Solution File, Format Version 11.00
# Visual Studio 2008

Project("{21F23FC1-9462-5D4F-E7A4-9016250A9354}") = "Unity Workspace", "Assembly-CSharp-firstpass-vs.csproj", "{251400A4-B86B-9D0A-4266-4D001E4F94A4}"
EndProject
Project("{21F23FC1-9462-5D4F-E7A4-9016250A9354}") = "Unity Workspace", "Assembly-CSharp-vs.csproj", "{A35EC8E0-7B06-36BE-F53F-0BAE70A3F0F5}"
EndProject
Project("{21F23FC1-9462-5D4F-E7A4-9016250A9354}") = "Unity Workspace", "Assembly-CSharp-Editor-vs.csproj", "{5EC9C04E-C617-B217-5F6C-302C3E94E03C}"
EndProject
Global
	GlobalSection(SolutionConfigurationPlatforms) = preSolution
		Debug|Any CPU = Debug|Any CPU
		Release|Any CPU = Release|Any CPU
	EndGlobalSection
	GlobalSection(ProjectConfigurationPlatforms) = postSolution
		{251400A4-B86B-9D0A-4266-4D001E4F94A4}.Debug|Any CPU.ActiveCfg = Debug|Any CPU
		{251400A4-B86B-9D0A-4266-4D001E4F94A4}.Debug|Any CPU.Build.0 = Debug|Any CPU
		{251400A4-B86B-9D0A-4266-4D001E4F94A4}.Release|Any CPU.ActiveCfg = Release|Any CPU
		{251400A4-B86B-9D0A-4266-4D001E4F94A4}.Release|Any CPU.Build.0 = Release|Any CPU
		{A35EC8E0-7B06-36BE-F53F-0BAE70A3F0F5}.Debug|Any CPU.ActiveCfg = Debug|Any CPU
		{A35EC8E0-7B06-36BE-F53F-0BAE70A3F0F5}.Debug|Any CPU.Build.0 = Debug|Any CPU
		{A35EC8E0-7B06-36BE-F53F-0BAE70A3F0F5}.Release|Any CPU.ActiveCfg = Release|Any CPU
		{A35EC8E0-7B06-36BE-F53F-0BAE70A3F0F5}.Release|Any CPU.Build.0 = Release|Any CPU
		{5EC9C04E-C617-B217-5F6C-302C3E94E03C}.Debug|Any CPU.ActiveCfg = Debug|Any CPU
		{5EC9C04E-C617-B217-5F6C-302C3E94E03C}.Debug|Any CPU.Build.0 = Debug|Any CPU
		{5EC9C04E-C617-B217-5F6C-302C3E94E03C}.Release|Any CPU.ActiveCfg = Release|Any CPU
		{5EC9C04E-C617-B217-5F6C-302C3E94E03C}.Release|Any CPU.Build.0 = Release|Any CPU
	EndGlobalSection
	GlobalSection(SolutionProperties) = preSolution
		HideSolutionNode = FALSE
	EndGlobalSection
								GlobalSection(MonoDevelopProperties) = preSolution
		StartupItem = Assembly-CSharp.csproj
		Policies = $0
		$0.TextStylePolicy = $1
		$1.inheritsSet = null
		$1.scope = text/x-csharp
		$0.CSharpFormattingPolicy = $2
		$2.inheritsSet = Mono
		$2.inheritsScope = text/x-csharp
		$2.scope = text/x-csharp
		$0.TextStylePolicy = $3
		$3.FileWidth = 120
		$3.TabWidth = 4
		$3.EolMarker = Unix
		$3.inheritsSet = Mono
		$3.inheritsScope = text/plain
		$3.scope = text/plain
	EndGlobalSection

EndGlobal
